
Microsoft Visual Studio Solution File, Format Version 12.00
# Visual Studio Version 17
VisualStudioVersion = 17.11.35312.102
MinimumVisualStudioVersion = 10.0.40219.1
Project("{888888A0-9F3D-457C-B088-3A5042F75D52}") = "Graphics_InsertionSort", "Graphics_InsertionSort\Graphics_InsertionSort.pyproj", "{47FFD353-2876-42BA-BA2A-EEE0BB18C550}"
EndProject
Global
	GlobalSection(SolutionConfigurationPlatforms) = preSolution
		Debug|Any CPU = Debug|Any CPU
		Release|Any CPU = Release|Any CPU
	EndGlobalSection
	GlobalSection(ProjectConfigurationPlatforms) = postSolution
		{47FFD353-2876-42BA-BA2A-EEE0BB18C550}.Debug|Any CPU.ActiveCfg = Debug|Any CPU
		{47FFD353-2876-42BA-BA2A-EEE0BB18C550}.Release|Any CPU.ActiveCfg = Release|Any CPU
	EndGlobalSection
	GlobalSection(SolutionProperties) = preSolution
		HideSolutionNode = FALSE
	EndGlobalSection
	GlobalSection(ExtensibilityGlobals) = postSolution
		SolutionGuid = {CA402B56-36E4-4403-9491-BF11416CE407}
	EndGlobalSection
EndGlobal
