
Microsoft Visual Studio Solution File, Format Version 12.00
# Visual Studio Version 17
VisualStudioVersion = 17.11.35312.102
MinimumVisualStudioVersion = 10.0.40219.1
Project("{888888A0-9F3D-457C-B088-3A5042F75D52}") = "HeapSort", "HeapSort\HeapSort.pyproj", "{848D1748-4100-4A3F-9F14-0ACDC6B577A4}"
EndProject
Global
	GlobalSection(SolutionConfigurationPlatforms) = preSolution
		Debug|Any CPU = Debug|Any CPU
		Release|Any CPU = Release|Any CPU
	EndGlobalSection
	GlobalSection(ProjectConfigurationPlatforms) = postSolution
		{848D1748-4100-4A3F-9F14-0ACDC6B577A4}.Debug|Any CPU.ActiveCfg = Debug|Any CPU
		{848D1748-4100-4A3F-9F14-0ACDC6B577A4}.Release|Any CPU.ActiveCfg = Release|Any CPU
	EndGlobalSection
	GlobalSection(SolutionProperties) = preSolution
		HideSolutionNode = FALSE
	EndGlobalSection
	GlobalSection(ExtensibilityGlobals) = postSolution
		SolutionGuid = {5D12B477-1DB6-4A7E-B8B3-650A30222C32}
	EndGlobalSection
EndGlobal
