
Microsoft Visual Studio Solution File, Format Version 12.00
# Visual Studio Version 17
VisualStudioVersion = 17.11.35312.102
MinimumVisualStudioVersion = 10.0.40219.1
Project("{888888A0-9F3D-457C-B088-3A5042F75D52}") = "Grafics_MergeSort", "Grafics_MergeSort\Grafics_MergeSort.pyproj", "{4735791D-F832-4845-8D98-8E05D81DD981}"
EndProject
Global
	GlobalSection(SolutionConfigurationPlatforms) = preSolution
		Debug|Any CPU = Debug|Any CPU
		Release|Any CPU = Release|Any CPU
	EndGlobalSection
	GlobalSection(ProjectConfigurationPlatforms) = postSolution
		{4735791D-F832-4845-8D98-8E05D81DD981}.Debug|Any CPU.ActiveCfg = Debug|Any CPU
		{4735791D-F832-4845-8D98-8E05D81DD981}.Release|Any CPU.ActiveCfg = Release|Any CPU
	EndGlobalSection
	GlobalSection(SolutionProperties) = preSolution
		HideSolutionNode = FALSE
	EndGlobalSection
	GlobalSection(ExtensibilityGlobals) = postSolution
		SolutionGuid = {6EB397B2-9D08-4617-97DB-CA79213DE94E}
	EndGlobalSection
EndGlobal
